uuid: fa8d4afd-36b4-455a-88e5-edbbb0bda1bf
langcode: en
status: true
dependencies:
  module:
    - paragraphs
    - taxonomy
id: paragraph.field_block
field_name: field_block
entity_type: paragraph
type: entity_reference
settings:
  target_type: taxonomy_term
module: core
locked: false
cardinality: 1
translatable: true
indexes: {  }
persist_with_no_fields: false
custom_storage: false
